
Microsoft Visual Studio Solution File, Format Version 12.00
# Visual Studio 15
VisualStudioVersion = 15.0.25807.0
MinimumVisualStudioVersion = 10.0.40219.1
Project("{2150E333-8FDC-42A3-9474-1A3956D46DE8}") = "Engine", "Engine", "{F0D30E29-C317-4CDC-8E75-CC5463B3B2B3}"
EndProject
Project("{2150E333-8FDC-42A3-9474-1A3956D46DE8}") = "Games", "Games", "{66EF2524-9A11-4E06-B31C-2D23FC606EE3}"
EndProject
Project("{8BC9CEB8-8B4A-11D0-8D11-00A0C91BC942}") = "UE4", "Intermediate\ProjectFiles\UE4.vcxproj", "{C2F68A33-1B7D-417A-8395-6EFE8258C311}"
EndProject
Project("{8BC9CEB8-8B4A-11D0-8D11-00A0C91BC942}") = "KevinSpel", "Intermediate\ProjectFiles\KevinSpel.vcxproj", "{1E772670-60DA-4AF7-B276-C7BD0453A4CA}"
EndProject
Project("{2150E333-8FDC-42A3-9474-1A3956D46DE8}") = "Visualizers", "Visualizers", "{AD4078EC-440A-402C-BB80-293D1A4AA1E1}"
	ProjectSection(SolutionItems) = preProject
		..\..\..\..\..\UnrealEngineInstalls\UE_4.22\Engine\Extras\VisualStudioDebugging\UE4.natvis = ..\..\..\..\..\UnrealEngineInstalls\UE_4.22\Engine\Extras\VisualStudioDebugging\UE4.natvis
	EndProjectSection
EndProject
Global
	GlobalSection(SolutionConfigurationPlatforms) = preSolution
		DebugGame Editor|Win32 = DebugGame Editor|Win32
		DebugGame Editor|Win64 = DebugGame Editor|Win64
		DebugGame|Win32 = DebugGame|Win32
		DebugGame|Win64 = DebugGame|Win64
		Development Editor|Win32 = Development Editor|Win32
		Development Editor|Win64 = Development Editor|Win64
		Development|Win32 = Development|Win32
		Development|Win64 = Development|Win64
		Shipping|Win32 = Shipping|Win32
		Shipping|Win64 = Shipping|Win64
	EndGlobalSection
	GlobalSection(ProjectConfigurationPlatforms) = postSolution
		{C2F68A33-1B7D-417A-8395-6EFE8258C311}.DebugGame Editor|Win32.ActiveCfg = BuiltWithUnrealBuildTool|Win32
		{C2F68A33-1B7D-417A-8395-6EFE8258C311}.DebugGame Editor|Win64.ActiveCfg = BuiltWithUnrealBuildTool|Win32
		{C2F68A33-1B7D-417A-8395-6EFE8258C311}.DebugGame|Win32.ActiveCfg = BuiltWithUnrealBuildTool|Win32
		{C2F68A33-1B7D-417A-8395-6EFE8258C311}.DebugGame|Win64.ActiveCfg = BuiltWithUnrealBuildTool|Win32
		{C2F68A33-1B7D-417A-8395-6EFE8258C311}.Development Editor|Win32.ActiveCfg = BuiltWithUnrealBuildTool|Win32
		{C2F68A33-1B7D-417A-8395-6EFE8258C311}.Development Editor|Win64.ActiveCfg = BuiltWithUnrealBuildTool|Win32
		{C2F68A33-1B7D-417A-8395-6EFE8258C311}.Development|Win32.ActiveCfg = BuiltWithUnrealBuildTool|Win32
		{C2F68A33-1B7D-417A-8395-6EFE8258C311}.Development|Win64.ActiveCfg = BuiltWithUnrealBuildTool|Win32
		{C2F68A33-1B7D-417A-8395-6EFE8258C311}.Shipping|Win32.ActiveCfg = BuiltWithUnrealBuildTool|Win32
		{C2F68A33-1B7D-417A-8395-6EFE8258C311}.Shipping|Win64.ActiveCfg = BuiltWithUnrealBuildTool|Win32
		{1E772670-60DA-4AF7-B276-C7BD0453A4CA}.DebugGame Editor|Win32.ActiveCfg = Invalid|Win32
		{1E772670-60DA-4AF7-B276-C7BD0453A4CA}.DebugGame Editor|Win64.ActiveCfg = DebugGame_Editor|x64
		{1E772670-60DA-4AF7-B276-C7BD0453A4CA}.DebugGame Editor|Win64.Build.0 = DebugGame_Editor|x64
		{1E772670-60DA-4AF7-B276-C7BD0453A4CA}.DebugGame|Win32.ActiveCfg = DebugGame|Win32
		{1E772670-60DA-4AF7-B276-C7BD0453A4CA}.DebugGame|Win32.Build.0 = DebugGame|Win32
		{1E772670-60DA-4AF7-B276-C7BD0453A4CA}.DebugGame|Win64.ActiveCfg = DebugGame|x64
		{1E772670-60DA-4AF7-B276-C7BD0453A4CA}.DebugGame|Win64.Build.0 = DebugGame|x64
		{1E772670-60DA-4AF7-B276-C7BD0453A4CA}.Development Editor|Win32.ActiveCfg = Invalid|Win32
		{1E772670-60DA-4AF7-B276-C7BD0453A4CA}.Development Editor|Win64.ActiveCfg = Development_Editor|x64
		{1E772670-60DA-4AF7-B276-C7BD0453A4CA}.Development Editor|Win64.Build.0 = Development_Editor|x64
		{1E772670-60DA-4AF7-B276-C7BD0453A4CA}.Development|Win32.ActiveCfg = Development|Win32
		{1E772670-60DA-4AF7-B276-C7BD0453A4CA}.Development|Win32.Build.0 = Development|Win32
		{1E772670-60DA-4AF7-B276-C7BD0453A4CA}.Development|Win64.ActiveCfg = Development|x64
		{1E772670-60DA-4AF7-B276-C7BD0453A4CA}.Development|Win64.Build.0 = Development|x64
		{1E772670-60DA-4AF7-B276-C7BD0453A4CA}.Shipping|Win32.ActiveCfg = Shipping|Win32
		{1E772670-60DA-4AF7-B276-C7BD0453A4CA}.Shipping|Win32.Build.0 = Shipping|Win32
		{1E772670-60DA-4AF7-B276-C7BD0453A4CA}.Shipping|Win64.ActiveCfg = Shipping|x64
		{1E772670-60DA-4AF7-B276-C7BD0453A4CA}.Shipping|Win64.Build.0 = Shipping|x64
	EndGlobalSection
	GlobalSection(SolutionProperties) = preSolution
		HideSolutionNode = FALSE
	EndGlobalSection
	GlobalSection(NestedProjects) = preSolution
		{C2F68A33-1B7D-417A-8395-6EFE8258C311} = {F0D30E29-C317-4CDC-8E75-CC5463B3B2B3}
		{1E772670-60DA-4AF7-B276-C7BD0453A4CA} = {66EF2524-9A11-4E06-B31C-2D23FC606EE3}
	EndGlobalSection
EndGlobal
